{
  "version": "3",
  "packages": {
    "specifiers": {
      "jsr:@std/cli": "jsr:@std/cli@1.0.5"
    },
    "jsr": {
      "@std/cli@1.0.5": {
        "integrity": "c93cce26ffd26f617c15a12874e1bfeabc90b1eee86017c9639093734c2bf587"
      }
    }
  },
  "remote": {},
  "workspace": {
    "dependencies": [
      "jsr:@std/assert@1"
    ],
    "packageJson": {
      "dependencies": [
        "npm:@types/bun@latest"
      ]
    }
  }
}
